
Microsoft Visual Studio Solution File, Format Version 12.00
# Visual Studio Version 17
VisualStudioVersion = 17.10.35004.147
MinimumVisualStudioVersion = 10.0.40219.1
Project("{FAE04EC0-301F-11D3-BF4B-00C04F79EFBC}") = "CodeFirstNewDatabaseSample", "CodeFirstNewDatabaseSample\CodeFirstNewDatabaseSample.csproj", "{6B8BD437-5D08-4391-9DF2-820E7D9803ED}"
EndProject
Global
	GlobalSection(SolutionConfigurationPlatforms) = preSolution
		Debug|Any CPU = Debug|Any CPU
		Release|Any CPU = Release|Any CPU
	EndGlobalSection
	GlobalSection(ProjectConfigurationPlatforms) = postSolution
		{6B8BD437-5D08-4391-9DF2-820E7D9803ED}.Debug|Any CPU.ActiveCfg = Debug|Any CPU
		{6B8BD437-5D08-4391-9DF2-820E7D9803ED}.Debug|Any CPU.Build.0 = Debug|Any CPU
		{6B8BD437-5D08-4391-9DF2-820E7D9803ED}.Release|Any CPU.ActiveCfg = Release|Any CPU
		{6B8BD437-5D08-4391-9DF2-820E7D9803ED}.Release|Any CPU.Build.0 = Release|Any CPU
	EndGlobalSection
	GlobalSection(SolutionProperties) = preSolution
		HideSolutionNode = FALSE
	EndGlobalSection
	GlobalSection(ExtensibilityGlobals) = postSolution
		SolutionGuid = {8B5ADB75-8ADA-40C9-9BF4-297A339EE39A}
	EndGlobalSection
EndGlobal
